// !$*UTF8*$!
{
	archiveVersion = 1;
	classes = {
	};
	objectVersion = 48;
	objects = {

/* Begin PBXBuildFile section */
		48D46DDE05C608E1D160EC14 /* Pods_FinPlus.framework in Frameworks */ = {isa = PBXBuildFile; fileRef = D7BD802BCBB7AF131EA69949 /* Pods_FinPlus.framework */; };
		630467B320B5094F0069469A /* Address.storyboard in Resources */ = {isa = PBXBuildFile; fileRef = 630467B220B5094F0069469A /* Address.storyboard */; };
		630467B620B50B5C0069469A /* AddressFirstViewController.swift in Sources */ = {isa = PBXBuildFile; fileRef = 630467B520B50B5C0069469A /* AddressFirstViewController.swift */; };
		630467B920B50BDD0069469A /* AddressFirstTBCell.swift in Sources */ = {isa = PBXBuildFile; fileRef = 630467B820B50BDD0069469A /* AddressFirstTBCell.swift */; };
		630467BB20B513FC0069469A /* AddressTBViewController.swift in Sources */ = {isa = PBXBuildFile; fileRef = 630467BA20B513FC0069469A /* AddressTBViewController.swift */; };
		630467BD20B524610069469A /* APIClient+Config.swift in Sources */ = {isa = PBXBuildFile; fileRef = 630467BC20B524610069469A /* APIClient+Config.swift */; };
		630467BF20B526CE0069469A /* APIClient+Wallet.swift in Sources */ = {isa = PBXBuildFile; fileRef = 630467BE20B526CE0069469A /* APIClient+Wallet.swift */; };
		630467C220B547500069469A /* Version.swift in Sources */ = {isa = PBXBuildFile; fileRef = 630467C120B5474F0069469A /* Version.swift */; };
		630467C420B54BAC0069469A /* Model1.swift in Sources */ = {isa = PBXBuildFile; fileRef = 630467C320B54BAC0069469A /* Model1.swift */; };
		630467C720B56DD40069469A /* Address.swift in Sources */ = {isa = PBXBuildFile; fileRef = 630467C620B56DD40069469A /* Address.swift */; };
		6307D3BB20AD274700055F5C /* UpdateInfoFacebook.swift in Sources */ = {isa = PBXBuildFile; fileRef = 6307D3BA20AD274700055F5C /* UpdateInfoFacebook.swift */; };
		6307D3BD20AD2BF000055F5C /* Home.storyboard in Resources */ = {isa = PBXBuildFile; fileRef = 6307D3BC20AD2BF000055F5C /* Home.storyboard */; };
		6307D3BF20AD2F0500055F5C /* FacebookInfo.swift in Sources */ = {isa = PBXBuildFile; fileRef = 6307D3BE20AD2F0500055F5C /* FacebookInfo.swift */; };
		6307D3C720AD786300055F5C /* BrowwerWallets.swift in Sources */ = {isa = PBXBuildFile; fileRef = 6307D3C220AD786300055F5C /* BrowwerWallets.swift */; };
		6307D3C820AD786300055F5C /* BrowwerInfo.swift in Sources */ = {isa = PBXBuildFile; fileRef = 6307D3C320AD786300055F5C /* BrowwerInfo.swift */; };
		6307D3C920AD786300055F5C /* BrowwerWorks.swift in Sources */ = {isa = PBXBuildFile; fileRef = 6307D3C420AD786300055F5C /* BrowwerWorks.swift */; };
		6307D3CA20AD786300055F5C /* BrowwerContacts.swift in Sources */ = {isa = PBXBuildFile; fileRef = 6307D3C520AD786300055F5C /* BrowwerContacts.swift */; };
		6307D3CB20AD786300055F5C /* BrowwerResidence.swift in Sources */ = {isa = PBXBuildFile; fileRef = 6307D3C620AD786300055F5C /* BrowwerResidence.swift */; };
		6307D3CD20AD817300055F5C /* APIClient+User.swift in Sources */ = {isa = PBXBuildFile; fileRef = 6307D3CC20AD817300055F5C /* APIClient+User.swift */; };
		6308DF6520A3FE90001DC320 /* BasePopup.swift in Sources */ = {isa = PBXBuildFile; fileRef = 6308DF6420A3FE90001DC320 /* BasePopup.swift */; };
		632FD02120AAC3CC00D9399C /* APIResponseGeneral.swift in Sources */ = {isa = PBXBuildFile; fileRef = 632FD02020AAC3CC00D9399C /* APIResponseGeneral.swift */; };
		632FD02420AADF3C00D9399C /* VerifyAuthenData.swift in Sources */ = {isa = PBXBuildFile; fileRef = 632FD02320AADF3C00D9399C /* VerifyAuthenData.swift */; };
		632FD02620AAE15800D9399C /* ExString.swift in Sources */ = {isa = PBXBuildFile; fileRef = 632FD02520AAE15800D9399C /* ExString.swift */; };
		6336D5C420B272AF00A6C38A /* BorrowTabbarViewController.swift in Sources */ = {isa = PBXBuildFile; fileRef = 6336D5C320B272AF00A6C38A /* BorrowTabbarViewController.swift */; };
		6336D5C620B2750A00A6C38A /* Loan.storyboard in Resources */ = {isa = PBXBuildFile; fileRef = 6336D5C520B2750A00A6C38A /* Loan.storyboard */; };
		6336D5C820B27B7500A6C38A /* LoanFirstViewController.swift in Sources */ = {isa = PBXBuildFile; fileRef = 6336D5C720B27B7500A6C38A /* LoanFirstViewController.swift */; };
		6336D5CA20B2B43700A6C38A /* LoanPersionalInfoVC.swift in Sources */ = {isa = PBXBuildFile; fileRef = 6336D5C920B2B43700A6C38A /* LoanPersionalInfoVC.swift */; };
		6336D5CC20B2B75000A6C38A /* LoanInfoJobVC.swift in Sources */ = {isa = PBXBuildFile; fileRef = 6336D5CB20B2B75000A6C38A /* LoanInfoJobVC.swift */; };
		633AE0AA20B3F315007AB0D1 /* LoanWalletViewController.swift in Sources */ = {isa = PBXBuildFile; fileRef = 633AE0A920B3F315007AB0D1 /* LoanWalletViewController.swift */; };
		633AE0AD20B3F430007AB0D1 /* LoanWalletTBCell.swift in Sources */ = {isa = PBXBuildFile; fileRef = 633AE0AC20B3F430007AB0D1 /* LoanWalletTBCell.swift */; };
		633AE0B020B40036007AB0D1 /* LoanNationalIDViewController.swift in Sources */ = {isa = PBXBuildFile; fileRef = 633AE0AF20B40036007AB0D1 /* LoanNationalIDViewController.swift */; };
		633AE0B220B40A36007AB0D1 /* LoanOtherInfoVC.swift in Sources */ = {isa = PBXBuildFile; fileRef = 633AE0B120B40A36007AB0D1 /* LoanOtherInfoVC.swift */; };
		633AE0B420B40AA1007AB0D1 /* LoanSummaryInfoVC.swift in Sources */ = {isa = PBXBuildFile; fileRef = 633AE0B320B40AA1007AB0D1 /* LoanSummaryInfoVC.swift */; };
		633AE0B620B428C6007AB0D1 /* Constant+DateFormat.swift in Sources */ = {isa = PBXBuildFile; fileRef = 633AE0B520B428C6007AB0D1 /* Constant+DateFormat.swift */; };
		633AE0B820B42BAB007AB0D1 /* DateHelper.swift in Sources */ = {isa = PBXBuildFile; fileRef = 633AE0B720B42BAA007AB0D1 /* DateHelper.swift */; };
		633AF9AF20A988A600BAE2BB /* EnterPhoneNumberAuthenVC.swift in Sources */ = {isa = PBXBuildFile; fileRef = 633AF9AE20A988A600BAE2BB /* EnterPhoneNumberAuthenVC.swift */; };
		633AF9B320A9894500BAE2BB /* VerifyOTPAuthenVC.swift in Sources */ = {isa = PBXBuildFile; fileRef = 633AF9B220A9894500BAE2BB /* VerifyOTPAuthenVC.swift */; };
		633AF9B720A98A7D00BAE2BB /* SetPassAuthenVC.swift in Sources */ = {isa = PBXBuildFile; fileRef = 633AF9B620A98A7D00BAE2BB /* SetPassAuthenVC.swift */; };
		633AF9BA20A98F6000BAE2BB /* ChoiceKindUserVC.swift in Sources */ = {isa = PBXBuildFile; fileRef = 633AF9B920A98F6000BAE2BB /* ChoiceKindUserVC.swift */; };
		633AF9BE20A9921B00BAE2BB /* LoginViewController.swift in Sources */ = {isa = PBXBuildFile; fileRef = 633AF9BD20A9921B00BAE2BB /* LoginViewController.swift */; };
		633AF9C120A992B200BAE2BB /* BorrowHomeViewController.swift in Sources */ = {isa = PBXBuildFile; fileRef = 633AF9C020A992B200BAE2BB /* BorrowHomeViewController.swift */; };
		635B5E0620B6B3A500F02132 /* LoanInfo.swift in Sources */ = {isa = PBXBuildFile; fileRef = 635B5E0520B6B3A500F02132 /* LoanInfo.swift */; };
		635B5E0820B6B3D800F02132 /* LoanUserInfo.swift in Sources */ = {isa = PBXBuildFile; fileRef = 635B5E0720B6B3D800F02132 /* LoanUserInfo.swift */; };
		635B5E0A20B6B3E800F02132 /* LoanJobInfo.swift in Sources */ = {isa = PBXBuildFile; fileRef = 635B5E0920B6B3E800F02132 /* LoanJobInfo.swift */; };
		635B5E0C20B6B4F900F02132 /* RelationShipPhone.swift in Sources */ = {isa = PBXBuildFile; fileRef = 635B5E0B20B6B4F900F02132 /* RelationShipPhone.swift */; };
		6369BBD420AE8AD400E0C435 /* APIClient+Loan.swift in Sources */ = {isa = PBXBuildFile; fileRef = 6369BBD320AE8AD400E0C435 /* APIClient+Loan.swift */; };
		6369BBD620AE91F300E0C435 /* InvestorHomeViewController.swift in Sources */ = {isa = PBXBuildFile; fileRef = 6369BBD520AE91F300E0C435 /* InvestorHomeViewController.swift */; };
		637A90B020A2E52700CCACA5 /* APIClient+Authen.swift in Sources */ = {isa = PBXBuildFile; fileRef = 637A90AF20A2E52700CCACA5 /* APIClient+Authen.swift */; };
		637A90B620A2FA5F00CCACA5 /* SRMonthPicker.m in Sources */ = {isa = PBXBuildFile; fileRef = 637A90B320A2FA5F00CCACA5 /* SRMonthPicker.m */; };
		637A90B820A2FA5F00CCACA5 /* DatePickerDialog.swift in Sources */ = {isa = PBXBuildFile; fileRef = 637A90B520A2FA5F00CCACA5 /* DatePickerDialog.swift */; };
		639C9DB320A1498A00F2CF5E /* AppDelegate.swift in Sources */ = {isa = PBXBuildFile; fileRef = 639C9DB220A1498A00F2CF5E /* AppDelegate.swift */; };
		639C9DB820A1498A00F2CF5E /* Main.storyboard in Resources */ = {isa = PBXBuildFile; fileRef = 639C9DB620A1498A00F2CF5E /* Main.storyboard */; };
		639C9DBB20A1498A00F2CF5E /* FinPlus.xcdatamodeld in Sources */ = {isa = PBXBuildFile; fileRef = 639C9DB920A1498A00F2CF5E /* FinPlus.xcdatamodeld */; };
		639C9DBD20A1498A00F2CF5E /* Assets.xcassets in Resources */ = {isa = PBXBuildFile; fileRef = 639C9DBC20A1498A00F2CF5E /* Assets.xcassets */; };
		639C9DC020A1498A00F2CF5E /* LaunchScreen.storyboard in Resources */ = {isa = PBXBuildFile; fileRef = 639C9DBE20A1498A00F2CF5E /* LaunchScreen.storyboard */; };
		639C9DCE20A14B3800F2CF5E /* APIClient.swift in Sources */ = {isa = PBXBuildFile; fileRef = 639C9DCD20A14B3800F2CF5E /* APIClient.swift */; };
		639C9DD020A14B4600F2CF5E /* EndPoint.swift in Sources */ = {isa = PBXBuildFile; fileRef = 639C9DCF20A14B4600F2CF5E /* EndPoint.swift */; };
		639C9DD520A14B9D00F2CF5E /* DataManager.swift in Sources */ = {isa = PBXBuildFile; fileRef = 639C9DD420A14B9D00F2CF5E /* DataManager.swift */; };
		639C9DD920A14BD200F2CF5E /* FinPlusHelper.swift in Sources */ = {isa = PBXBuildFile; fileRef = 639C9DD820A14BD200F2CF5E /* FinPlusHelper.swift */; };
		639C9DDD20A15E3500F2CF5E /* Authen.storyboard in Resources */ = {isa = PBXBuildFile; fileRef = 639C9DDC20A15E3500F2CF5E /* Authen.storyboard */; };
		639C9DE420A15F6100F2CF5E /* BaseViewController.swift in Sources */ = {isa = PBXBuildFile; fileRef = 639C9DE320A15F6100F2CF5E /* BaseViewController.swift */; };
		639C9DE820A164E600F2CF5E /* KeychainPasswordItem.swift in Sources */ = {isa = PBXBuildFile; fileRef = 639C9DE620A164E600F2CF5E /* KeychainPasswordItem.swift */; };
		639C9DE920A164E600F2CF5E /* KeychainConfiguration.swift in Sources */ = {isa = PBXBuildFile; fileRef = 639C9DE720A164E600F2CF5E /* KeychainConfiguration.swift */; };
		639C9DEC20A1829300F2CF5E /* ExUIApplication.swift in Sources */ = {isa = PBXBuildFile; fileRef = 639C9DEB20A1829300F2CF5E /* ExUIApplication.swift */; };
		639C9DEE20A182E900F2CF5E /* ExUIViewController.swift in Sources */ = {isa = PBXBuildFile; fileRef = 639C9DED20A182E900F2CF5E /* ExUIViewController.swift */; };
		639C9DF520A189E600F2CF5E /* ToastWindow.swift in Sources */ = {isa = PBXBuildFile; fileRef = 639C9DF020A189E600F2CF5E /* ToastWindow.swift */; };
		639C9DF620A189E600F2CF5E /* ToastView.swift in Sources */ = {isa = PBXBuildFile; fileRef = 639C9DF120A189E600F2CF5E /* ToastView.swift */; };
		639C9DF720A189E600F2CF5E /* Toast.swift in Sources */ = {isa = PBXBuildFile; fileRef = 639C9DF320A189E600F2CF5E /* Toast.swift */; };
		639C9DF820A189E600F2CF5E /* ToastCenter.swift in Sources */ = {isa = PBXBuildFile; fileRef = 639C9DF420A189E600F2CF5E /* ToastCenter.swift */; };
		639C9E0F20A18A7500F2CF5E /* Roboto-Medium.ttf in Resources */ = {isa = PBXBuildFile; fileRef = 639C9DFB20A18A7500F2CF5E /* Roboto-Medium.ttf */; };
		639C9E1020A18A7500F2CF5E /* Roboto-Light.ttf in Resources */ = {isa = PBXBuildFile; fileRef = 639C9DFC20A18A7500F2CF5E /* Roboto-Light.ttf */; };
		639C9E1120A18A7500F2CF5E /* Roboto-Regular.ttf in Resources */ = {isa = PBXBuildFile; fileRef = 639C9DFD20A18A7500F2CF5E /* Roboto-Regular.ttf */; };
		639C9E1220A18A7500F2CF5E /* Roboto-MediumItalic.ttf in Resources */ = {isa = PBXBuildFile; fileRef = 639C9DFE20A18A7500F2CF5E /* Roboto-MediumItalic.ttf */; };
		639C9E1320A18A7500F2CF5E /* Roboto-ThinItalic.ttf in Resources */ = {isa = PBXBuildFile; fileRef = 639C9DFF20A18A7500F2CF5E /* Roboto-ThinItalic.ttf */; };
		639C9E1420A18A7500F2CF5E /* Roboto-BoldItalic.ttf in Resources */ = {isa = PBXBuildFile; fileRef = 639C9E0020A18A7500F2CF5E /* Roboto-BoldItalic.ttf */; };
		639C9E1520A18A7500F2CF5E /* Roboto-LightItalic.ttf in Resources */ = {isa = PBXBuildFile; fileRef = 639C9E0120A18A7500F2CF5E /* Roboto-LightItalic.ttf */; };
		639C9E1620A18A7500F2CF5E /* Roboto-Italic.ttf in Resources */ = {isa = PBXBuildFile; fileRef = 639C9E0220A18A7500F2CF5E /* Roboto-Italic.ttf */; };
		639C9E1720A18A7500F2CF5E /* Roboto-BlackItalic.ttf in Resources */ = {isa = PBXBuildFile; fileRef = 639C9E0320A18A7500F2CF5E /* Roboto-BlackItalic.ttf */; };
		639C9E1820A18A7500F2CF5E /* Roboto-Bold.ttf in Resources */ = {isa = PBXBuildFile; fileRef = 639C9E0420A18A7500F2CF5E /* Roboto-Bold.ttf */; };
		639C9E1920A18A7500F2CF5E /* Roboto-Thin.ttf in Resources */ = {isa = PBXBuildFile; fileRef = 639C9E0520A18A7500F2CF5E /* Roboto-Thin.ttf */; };
		639C9E1A20A18A7500F2CF5E /* Roboto-Black.ttf in Resources */ = {isa = PBXBuildFile; fileRef = 639C9E0620A18A7500F2CF5E /* Roboto-Black.ttf */; };
		639C9E1B20A18A7500F2CF5E /* Oswald-Bold.ttf in Resources */ = {isa = PBXBuildFile; fileRef = 639C9E0820A18A7500F2CF5E /* Oswald-Bold.ttf */; };
		639C9E1C20A18A7500F2CF5E /* Oswald-SemiBold.ttf in Resources */ = {isa = PBXBuildFile; fileRef = 639C9E0920A18A7500F2CF5E /* Oswald-SemiBold.ttf */; };
		639C9E1D20A18A7500F2CF5E /* Oswald-Medium.ttf in Resources */ = {isa = PBXBuildFile; fileRef = 639C9E0A20A18A7500F2CF5E /* Oswald-Medium.ttf */; };
		639C9E1E20A18A7500F2CF5E /* Oswald-Regular.ttf in Resources */ = {isa = PBXBuildFile; fileRef = 639C9E0B20A18A7500F2CF5E /* Oswald-Regular.ttf */; };
		639C9E1F20A18A7500F2CF5E /* OFL.txt in Resources */ = {isa = PBXBuildFile; fileRef = 639C9E0C20A18A7500F2CF5E /* OFL.txt */; };
		639C9E2020A18A7500F2CF5E /* Oswald-ExtraLight.ttf in Resources */ = {isa = PBXBuildFile; fileRef = 639C9E0D20A18A7500F2CF5E /* Oswald-ExtraLight.ttf */; };
		639C9E2120A18A7500F2CF5E /* Oswald-Light.ttf in Resources */ = {isa = PBXBuildFile; fileRef = 639C9E0E20A18A7500F2CF5E /* Oswald-Light.ttf */; };
		639C9E2420A1A4FF00F2CF5E /* Constant.swift in Sources */ = {isa = PBXBuildFile; fileRef = 639C9E2320A1A4FF00F2CF5E /* Constant.swift */; };
		63C5C8E520AC183D00F65068 /* FacebookSignInManager.swift in Sources */ = {isa = PBXBuildFile; fileRef = 63C5C8E420AC183D00F65068 /* FacebookSignInManager.swift */; };
		ADB81E3CB997BF9C12009966 /* Pods_FinPlus.framework in Frameworks */ = {isa = PBXBuildFile; fileRef = 633AF97220A96F1B00BAE2BB /* Pods_FinPlus.framework */; };
		DD471C902E2C45FF6323FC89 /* Pods_FinPlus.framework in Frameworks */ = {isa = PBXBuildFile; fileRef = D7BD802BCBB7AF131EA69949 /* Pods_FinPlus.framework */; };
/* End PBXBuildFile section */

/* Begin PBXFileReference section */
		630467B220B5094F0069469A /* Address.storyboard */ = {isa = PBXFileReference; lastKnownFileType = file.storyboard; path = Address.storyboard; sourceTree = "<group>"; };
		630467B520B50B5C0069469A /* AddressFirstViewController.swift */ = {isa = PBXFileReference; lastKnownFileType = sourcecode.swift; path = AddressFirstViewController.swift; sourceTree = "<group>"; };
		630467B820B50BDD0069469A /* AddressFirstTBCell.swift */ = {isa = PBXFileReference; lastKnownFileType = sourcecode.swift; path = AddressFirstTBCell.swift; sourceTree = "<group>"; };
		630467BA20B513FC0069469A /* AddressTBViewController.swift */ = {isa = PBXFileReference; lastKnownFileType = sourcecode.swift; path = AddressTBViewController.swift; sourceTree = "<group>"; };
		630467BC20B524610069469A /* APIClient+Config.swift */ = {isa = PBXFileReference; lastKnownFileType = sourcecode.swift; path = "APIClient+Config.swift"; sourceTree = "<group>"; };
		630467BE20B526CE0069469A /* APIClient+Wallet.swift */ = {isa = PBXFileReference; lastKnownFileType = sourcecode.swift; path = "APIClient+Wallet.swift"; sourceTree = "<group>"; };
		630467C120B5474F0069469A /* Version.swift */ = {isa = PBXFileReference; fileEncoding = 4; lastKnownFileType = sourcecode.swift; path = Version.swift; sourceTree = "<group>"; };
		630467C320B54BAC0069469A /* Model1.swift */ = {isa = PBXFileReference; fileEncoding = 4; lastKnownFileType = sourcecode.swift; path = Model1.swift; sourceTree = "<group>"; };
		630467C620B56DD40069469A /* Address.swift */ = {isa = PBXFileReference; lastKnownFileType = sourcecode.swift; path = Address.swift; sourceTree = "<group>"; };
		6307D3BA20AD274700055F5C /* UpdateInfoFacebook.swift */ = {isa = PBXFileReference; fileEncoding = 4; lastKnownFileType = sourcecode.swift; path = UpdateInfoFacebook.swift; sourceTree = "<group>"; };
		6307D3BC20AD2BF000055F5C /* Home.storyboard */ = {isa = PBXFileReference; lastKnownFileType = file.storyboard; path = Home.storyboard; sourceTree = "<group>"; };
		6307D3BE20AD2F0500055F5C /* FacebookInfo.swift */ = {isa = PBXFileReference; lastKnownFileType = sourcecode.swift; path = FacebookInfo.swift; sourceTree = "<group>"; };
		6307D3C220AD786300055F5C /* BrowwerWallets.swift */ = {isa = PBXFileReference; fileEncoding = 4; lastKnownFileType = sourcecode.swift; path = BrowwerWallets.swift; sourceTree = "<group>"; };
		6307D3C320AD786300055F5C /* BrowwerInfo.swift */ = {isa = PBXFileReference; fileEncoding = 4; lastKnownFileType = sourcecode.swift; path = BrowwerInfo.swift; sourceTree = "<group>"; };
		6307D3C420AD786300055F5C /* BrowwerWorks.swift */ = {isa = PBXFileReference; fileEncoding = 4; lastKnownFileType = sourcecode.swift; path = BrowwerWorks.swift; sourceTree = "<group>"; };
		6307D3C520AD786300055F5C /* BrowwerContacts.swift */ = {isa = PBXFileReference; fileEncoding = 4; lastKnownFileType = sourcecode.swift; path = BrowwerContacts.swift; sourceTree = "<group>"; };
		6307D3C620AD786300055F5C /* BrowwerResidence.swift */ = {isa = PBXFileReference; fileEncoding = 4; lastKnownFileType = sourcecode.swift; path = BrowwerResidence.swift; sourceTree = "<group>"; };
		6307D3CC20AD817300055F5C /* APIClient+User.swift */ = {isa = PBXFileReference; lastKnownFileType = sourcecode.swift; path = "APIClient+User.swift"; sourceTree = "<group>"; };
		6308DF6420A3FE90001DC320 /* BasePopup.swift */ = {isa = PBXFileReference; fileEncoding = 4; lastKnownFileType = sourcecode.swift; path = BasePopup.swift; sourceTree = "<group>"; };
		632FD02020AAC3CC00D9399C /* APIResponseGeneral.swift */ = {isa = PBXFileReference; fileEncoding = 4; lastKnownFileType = sourcecode.swift; path = APIResponseGeneral.swift; sourceTree = "<group>"; };
		632FD02320AADF3C00D9399C /* VerifyAuthenData.swift */ = {isa = PBXFileReference; fileEncoding = 4; lastKnownFileType = sourcecode.swift; path = VerifyAuthenData.swift; sourceTree = "<group>"; };
		632FD02520AAE15800D9399C /* ExString.swift */ = {isa = PBXFileReference; lastKnownFileType = sourcecode.swift; path = ExString.swift; sourceTree = "<group>"; };
		6336D5C320B272AF00A6C38A /* BorrowTabbarViewController.swift */ = {isa = PBXFileReference; lastKnownFileType = sourcecode.swift; path = BorrowTabbarViewController.swift; sourceTree = "<group>"; };
		6336D5C520B2750A00A6C38A /* Loan.storyboard */ = {isa = PBXFileReference; lastKnownFileType = file.storyboard; path = Loan.storyboard; sourceTree = "<group>"; };
		6336D5C720B27B7500A6C38A /* LoanFirstViewController.swift */ = {isa = PBXFileReference; lastKnownFileType = sourcecode.swift; path = LoanFirstViewController.swift; sourceTree = "<group>"; };
		6336D5C920B2B43700A6C38A /* LoanPersionalInfoVC.swift */ = {isa = PBXFileReference; lastKnownFileType = sourcecode.swift; path = LoanPersionalInfoVC.swift; sourceTree = "<group>"; };
		6336D5CB20B2B75000A6C38A /* LoanInfoJobVC.swift */ = {isa = PBXFileReference; lastKnownFileType = sourcecode.swift; path = LoanInfoJobVC.swift; sourceTree = "<group>"; };
		633AE0A920B3F315007AB0D1 /* LoanWalletViewController.swift */ = {isa = PBXFileReference; lastKnownFileType = sourcecode.swift; path = LoanWalletViewController.swift; sourceTree = "<group>"; };
		633AE0AC20B3F430007AB0D1 /* LoanWalletTBCell.swift */ = {isa = PBXFileReference; lastKnownFileType = sourcecode.swift; path = LoanWalletTBCell.swift; sourceTree = "<group>"; };
		633AE0AF20B40036007AB0D1 /* LoanNationalIDViewController.swift */ = {isa = PBXFileReference; lastKnownFileType = sourcecode.swift; path = LoanNationalIDViewController.swift; sourceTree = "<group>"; };
		633AE0B120B40A36007AB0D1 /* LoanOtherInfoVC.swift */ = {isa = PBXFileReference; lastKnownFileType = sourcecode.swift; path = LoanOtherInfoVC.swift; sourceTree = "<group>"; };
		633AE0B320B40AA1007AB0D1 /* LoanSummaryInfoVC.swift */ = {isa = PBXFileReference; lastKnownFileType = sourcecode.swift; path = LoanSummaryInfoVC.swift; sourceTree = "<group>"; };
		633AE0B520B428C6007AB0D1 /* Constant+DateFormat.swift */ = {isa = PBXFileReference; lastKnownFileType = sourcecode.swift; path = "Constant+DateFormat.swift"; sourceTree = "<group>"; };
		633AE0B720B42BAA007AB0D1 /* DateHelper.swift */ = {isa = PBXFileReference; fileEncoding = 4; lastKnownFileType = sourcecode.swift; path = DateHelper.swift; sourceTree = "<group>"; };
		633AF97220A96F1B00BAE2BB /* Pods_FinPlus.framework */ = {isa = PBXFileReference; explicitFileType = wrapper.framework; path = Pods_FinPlus.framework; sourceTree = BUILT_PRODUCTS_DIR; };
		633AF9AE20A988A600BAE2BB /* EnterPhoneNumberAuthenVC.swift */ = {isa = PBXFileReference; lastKnownFileType = sourcecode.swift; path = EnterPhoneNumberAuthenVC.swift; sourceTree = "<group>"; };
		633AF9B220A9894500BAE2BB /* VerifyOTPAuthenVC.swift */ = {isa = PBXFileReference; lastKnownFileType = sourcecode.swift; path = VerifyOTPAuthenVC.swift; sourceTree = "<group>"; };
		633AF9B620A98A7D00BAE2BB /* SetPassAuthenVC.swift */ = {isa = PBXFileReference; lastKnownFileType = sourcecode.swift; path = SetPassAuthenVC.swift; sourceTree = "<group>"; };
		633AF9B920A98F6000BAE2BB /* ChoiceKindUserVC.swift */ = {isa = PBXFileReference; lastKnownFileType = sourcecode.swift; path = ChoiceKindUserVC.swift; sourceTree = "<group>"; };
		633AF9BD20A9921B00BAE2BB /* LoginViewController.swift */ = {isa = PBXFileReference; fileEncoding = 4; lastKnownFileType = sourcecode.swift; path = LoginViewController.swift; sourceTree = "<group>"; };
		633AF9C020A992B200BAE2BB /* BorrowHomeViewController.swift */ = {isa = PBXFileReference; lastKnownFileType = sourcecode.swift; path = BorrowHomeViewController.swift; sourceTree = "<group>"; };
		635B5E0520B6B3A500F02132 /* LoanInfo.swift */ = {isa = PBXFileReference; lastKnownFileType = sourcecode.swift; path = LoanInfo.swift; sourceTree = "<group>"; };
		635B5E0720B6B3D800F02132 /* LoanUserInfo.swift */ = {isa = PBXFileReference; lastKnownFileType = sourcecode.swift; path = LoanUserInfo.swift; sourceTree = "<group>"; };
		635B5E0920B6B3E800F02132 /* LoanJobInfo.swift */ = {isa = PBXFileReference; lastKnownFileType = sourcecode.swift; path = LoanJobInfo.swift; sourceTree = "<group>"; };
		635B5E0B20B6B4F900F02132 /* RelationShipPhone.swift */ = {isa = PBXFileReference; lastKnownFileType = sourcecode.swift; path = RelationShipPhone.swift; sourceTree = "<group>"; };
		6369BBD320AE8AD400E0C435 /* APIClient+Loan.swift */ = {isa = PBXFileReference; lastKnownFileType = sourcecode.swift; path = "APIClient+Loan.swift"; sourceTree = "<group>"; };
		6369BBD520AE91F300E0C435 /* InvestorHomeViewController.swift */ = {isa = PBXFileReference; lastKnownFileType = sourcecode.swift; path = InvestorHomeViewController.swift; sourceTree = "<group>"; };
		637A90AF20A2E52700CCACA5 /* APIClient+Authen.swift */ = {isa = PBXFileReference; lastKnownFileType = sourcecode.swift; path = "APIClient+Authen.swift"; sourceTree = "<group>"; };
		637A90B320A2FA5F00CCACA5 /* SRMonthPicker.m */ = {isa = PBXFileReference; fileEncoding = 4; lastKnownFileType = sourcecode.c.objc; path = SRMonthPicker.m; sourceTree = "<group>"; };
		637A90B420A2FA5F00CCACA5 /* SRMonthPicker.h */ = {isa = PBXFileReference; fileEncoding = 4; lastKnownFileType = sourcecode.c.h; path = SRMonthPicker.h; sourceTree = "<group>"; };
		637A90B520A2FA5F00CCACA5 /* DatePickerDialog.swift */ = {isa = PBXFileReference; fileEncoding = 4; lastKnownFileType = sourcecode.swift; path = DatePickerDialog.swift; sourceTree = "<group>"; };
		639C9DAF20A1498A00F2CF5E /* FinPlus.app */ = {isa = PBXFileReference; explicitFileType = wrapper.application; includeInIndex = 0; path = FinPlus.app; sourceTree = BUILT_PRODUCTS_DIR; };
		639C9DB220A1498A00F2CF5E /* AppDelegate.swift */ = {isa = PBXFileReference; lastKnownFileType = sourcecode.swift; path = AppDelegate.swift; sourceTree = "<group>"; };
		639C9DB720A1498A00F2CF5E /* Base */ = {isa = PBXFileReference; lastKnownFileType = file.storyboard; name = Base; path = Base.lproj/Main.storyboard; sourceTree = "<group>"; };
		639C9DBA20A1498A00F2CF5E /* FinPlus.xcdatamodel */ = {isa = PBXFileReference; lastKnownFileType = wrapper.xcdatamodel; path = FinPlus.xcdatamodel; sourceTree = "<group>"; };
		639C9DBC20A1498A00F2CF5E /* Assets.xcassets */ = {isa = PBXFileReference; lastKnownFileType = folder.assetcatalog; path = Assets.xcassets; sourceTree = "<group>"; };
		639C9DBF20A1498A00F2CF5E /* Base */ = {isa = PBXFileReference; lastKnownFileType = file.storyboard; name = Base; path = Base.lproj/LaunchScreen.storyboard; sourceTree = "<group>"; };
		639C9DC120A1498A00F2CF5E /* Info.plist */ = {isa = PBXFileReference; lastKnownFileType = text.plist.xml; path = Info.plist; sourceTree = "<group>"; };
		639C9DCD20A14B3800F2CF5E /* APIClient.swift */ = {isa = PBXFileReference; lastKnownFileType = sourcecode.swift; path = APIClient.swift; sourceTree = "<group>"; };
		639C9DCF20A14B4600F2CF5E /* EndPoint.swift */ = {isa = PBXFileReference; lastKnownFileType = sourcecode.swift; path = EndPoint.swift; sourceTree = "<group>"; };
		639C9DD420A14B9D00F2CF5E /* DataManager.swift */ = {isa = PBXFileReference; lastKnownFileType = sourcecode.swift; path = DataManager.swift; sourceTree = "<group>"; };
		639C9DD820A14BD200F2CF5E /* FinPlusHelper.swift */ = {isa = PBXFileReference; lastKnownFileType = sourcecode.swift; path = FinPlusHelper.swift; sourceTree = "<group>"; };
		639C9DDC20A15E3500F2CF5E /* Authen.storyboard */ = {isa = PBXFileReference; lastKnownFileType = file.storyboard; path = Authen.storyboard; sourceTree = "<group>"; };
		639C9DE120A15F0200F2CF5E /* FinPlus-Bridging-Header.h */ = {isa = PBXFileReference; lastKnownFileType = sourcecode.c.h; path = "FinPlus-Bridging-Header.h"; sourceTree = "<group>"; };
		639C9DE320A15F6100F2CF5E /* BaseViewController.swift */ = {isa = PBXFileReference; lastKnownFileType = sourcecode.swift; path = BaseViewController.swift; sourceTree = "<group>"; };
		639C9DE620A164E600F2CF5E /* KeychainPasswordItem.swift */ = {isa = PBXFileReference; fileEncoding = 4; lastKnownFileType = sourcecode.swift; path = KeychainPasswordItem.swift; sourceTree = "<group>"; };
		639C9DE720A164E600F2CF5E /* KeychainConfiguration.swift */ = {isa = PBXFileReference; fileEncoding = 4; lastKnownFileType = sourcecode.swift; path = KeychainConfiguration.swift; sourceTree = "<group>"; };
		639C9DEB20A1829300F2CF5E /* ExUIApplication.swift */ = {isa = PBXFileReference; lastKnownFileType = sourcecode.swift; path = ExUIApplication.swift; sourceTree = "<group>"; };
		639C9DED20A182E900F2CF5E /* ExUIViewController.swift */ = {isa = PBXFileReference; lastKnownFileType = sourcecode.swift; path = ExUIViewController.swift; sourceTree = "<group>"; };
		639C9DF020A189E600F2CF5E /* ToastWindow.swift */ = {isa = PBXFileReference; fileEncoding = 4; lastKnownFileType = sourcecode.swift; path = ToastWindow.swift; sourceTree = "<group>"; };
		639C9DF120A189E600F2CF5E /* ToastView.swift */ = {isa = PBXFileReference; fileEncoding = 4; lastKnownFileType = sourcecode.swift; path = ToastView.swift; sourceTree = "<group>"; };
		639C9DF220A189E600F2CF5E /* Toaster.h */ = {isa = PBXFileReference; fileEncoding = 4; lastKnownFileType = sourcecode.c.h; path = Toaster.h; sourceTree = "<group>"; };
		639C9DF320A189E600F2CF5E /* Toast.swift */ = {isa = PBXFileReference; fileEncoding = 4; lastKnownFileType = sourcecode.swift; path = Toast.swift; sourceTree = "<group>"; };
		639C9DF420A189E600F2CF5E /* ToastCenter.swift */ = {isa = PBXFileReference; fileEncoding = 4; lastKnownFileType = sourcecode.swift; path = ToastCenter.swift; sourceTree = "<group>"; };
		639C9DFB20A18A7500F2CF5E /* Roboto-Medium.ttf */ = {isa = PBXFileReference; lastKnownFileType = file; path = "Roboto-Medium.ttf"; sourceTree = "<group>"; };
		639C9DFC20A18A7500F2CF5E /* Roboto-Light.ttf */ = {isa = PBXFileReference; lastKnownFileType = file; path = "Roboto-Light.ttf"; sourceTree = "<group>"; };
		639C9DFD20A18A7500F2CF5E /* Roboto-Regular.ttf */ = {isa = PBXFileReference; lastKnownFileType = file; path = "Roboto-Regular.ttf"; sourceTree = "<group>"; };
		639C9DFE20A18A7500F2CF5E /* Roboto-MediumItalic.ttf */ = {isa = PBXFileReference; lastKnownFileType = file; path = "Roboto-MediumItalic.ttf"; sourceTree = "<group>"; };
		639C9DFF20A18A7500F2CF5E /* Roboto-ThinItalic.ttf */ = {isa = PBXFileReference; lastKnownFileType = file; path = "Roboto-ThinItalic.ttf"; sourceTree = "<group>"; };
		639C9E0020A18A7500F2CF5E /* Roboto-BoldItalic.ttf */ = {isa = PBXFileReference; lastKnownFileType = file; path = "Roboto-BoldItalic.ttf"; sourceTree = "<group>"; };
		639C9E0120A18A7500F2CF5E /* Roboto-LightItalic.ttf */ = {isa = PBXFileReference; lastKnownFileType = file; path = "Roboto-LightItalic.ttf"; sourceTree = "<group>"; };
		639C9E0220A18A7500F2CF5E /* Roboto-Italic.ttf */ = {isa = PBXFileReference; lastKnownFileType = file; path = "Roboto-Italic.ttf"; sourceTree = "<group>"; };
		639C9E0320A18A7500F2CF5E /* Roboto-BlackItalic.ttf */ = {isa = PBXFileReference; lastKnownFileType = file; path = "Roboto-BlackItalic.ttf"; sourceTree = "<group>"; };
		639C9E0420A18A7500F2CF5E /* Roboto-Bold.ttf */ = {isa = PBXFileReference; lastKnownFileType = file; path = "Roboto-Bold.ttf"; sourceTree = "<group>"; };
		639C9E0520A18A7500F2CF5E /* Roboto-Thin.ttf */ = {isa = PBXFileReference; lastKnownFileType = file; path = "Roboto-Thin.ttf"; sourceTree = "<group>"; };
		639C9E0620A18A7500F2CF5E /* Roboto-Black.ttf */ = {isa = PBXFileReference; lastKnownFileType = file; path = "Roboto-Black.ttf"; sourceTree = "<group>"; };
		639C9E0820A18A7500F2CF5E /* Oswald-Bold.ttf */ = {isa = PBXFileReference; lastKnownFileType = file; path = "Oswald-Bold.ttf"; sourceTree = "<group>"; };
		639C9E0920A18A7500F2CF5E /* Oswald-SemiBold.ttf */ = {isa = PBXFileReference; lastKnownFileType = file; path = "Oswald-SemiBold.ttf"; sourceTree = "<group>"; };
		639C9E0A20A18A7500F2CF5E /* Oswald-Medium.ttf */ = {isa = PBXFileReference; lastKnownFileType = file; path = "Oswald-Medium.ttf"; sourceTree = "<group>"; };
		639C9E0B20A18A7500F2CF5E /* Oswald-Regular.ttf */ = {isa = PBXFileReference; lastKnownFileType = file; path = "Oswald-Regular.ttf"; sourceTree = "<group>"; };
		639C9E0C20A18A7500F2CF5E /* OFL.txt */ = {isa = PBXFileReference; fileEncoding = 4; lastKnownFileType = text; path = OFL.txt; sourceTree = "<group>"; };
		639C9E0D20A18A7500F2CF5E /* Oswald-ExtraLight.ttf */ = {isa = PBXFileReference; lastKnownFileType = file; path = "Oswald-ExtraLight.ttf"; sourceTree = "<group>"; };
		639C9E0E20A18A7500F2CF5E /* Oswald-Light.ttf */ = {isa = PBXFileReference; lastKnownFileType = file; path = "Oswald-Light.ttf"; sourceTree = "<group>"; };
		639C9E2320A1A4FF00F2CF5E /* Constant.swift */ = {isa = PBXFileReference; lastKnownFileType = sourcecode.swift; path = Constant.swift; sourceTree = "<group>"; };
		63C5C8E420AC183D00F65068 /* FacebookSignInManager.swift */ = {isa = PBXFileReference; lastKnownFileType = sourcecode.swift; path = FacebookSignInManager.swift; sourceTree = "<group>"; };
		63C5C8E620AC26DA00F65068 /* FinPlus.entitlements */ = {isa = PBXFileReference; lastKnownFileType = text.plist.entitlements; path = FinPlus.entitlements; sourceTree = "<group>"; };
		99AC1CB2D251026CD34AB910 /* Pods-FinPlus.debug.xcconfig */ = {isa = PBXFileReference; includeInIndex = 1; lastKnownFileType = text.xcconfig; name = "Pods-FinPlus.debug.xcconfig"; path = "Pods/Target Support Files/Pods-FinPlus/Pods-FinPlus.debug.xcconfig"; sourceTree = "<group>"; };
		AF35B598B6B30D66806A3592 /* Pods-FinPlus.release.xcconfig */ = {isa = PBXFileReference; includeInIndex = 1; lastKnownFileType = text.xcconfig; name = "Pods-FinPlus.release.xcconfig"; path = "Pods/Target Support Files/Pods-FinPlus/Pods-FinPlus.release.xcconfig"; sourceTree = "<group>"; };
		D7BD802BCBB7AF131EA69949 /* Pods_FinPlus.framework */ = {isa = PBXFileReference; explicitFileType = wrapper.framework; includeInIndex = 0; path = Pods_FinPlus.framework; sourceTree = BUILT_PRODUCTS_DIR; };
/* End PBXFileReference section */

/* Begin PBXFrameworksBuildPhase section */
		639C9DAC20A1498A00F2CF5E /* Frameworks */ = {
			isa = PBXFrameworksBuildPhase;
			buildActionMask = 2147483647;
			files = (
				48D46DDE05C608E1D160EC14 /* Pods_FinPlus.framework in Frameworks */,
				DD471C902E2C45FF6323FC89 /* Pods_FinPlus.framework in Frameworks */,
				ADB81E3CB997BF9C12009966 /* Pods_FinPlus.framework in Frameworks */,
			);
			runOnlyForDeploymentPostprocessing = 0;
		};
/* End PBXFrameworksBuildPhase section */

/* Begin PBXGroup section */
		630467B420B50A620069469A /* Address */ = {
			isa = PBXGroup;
			children = (
				630467B720B50BBA0069469A /* Cell */,
				630467B520B50B5C0069469A /* AddressFirstViewController.swift */,
				630467BA20B513FC0069469A /* AddressTBViewController.swift */,
			);
			path = Address;
			sourceTree = "<group>";
		};
		630467B720B50BBA0069469A /* Cell */ = {
			isa = PBXGroup;
			children = (
				630467B820B50BDD0069469A /* AddressFirstTBCell.swift */,
			);
			path = Cell;
			sourceTree = "<group>";
		};
		630467C020B5474F0069469A /* Config */ = {
			isa = PBXGroup;
			children = (
				630467C120B5474F0069469A /* Version.swift */,
			);
			path = Config;
			sourceTree = "<group>";
		};
		630467C520B56DAC0069469A /* Address */ = {
			isa = PBXGroup;
			children = (
				630467C620B56DD40069469A /* Address.swift */,
			);
			path = Address;
			sourceTree = "<group>";
		};
		6307D3C020AD783500055F5C /* Browwer */ = {
			isa = PBXGroup;
			children = (
				6307D3C120AD784300055F5C /* Info */,
				635B5E0520B6B3A500F02132 /* LoanInfo.swift */,
				635B5E0720B6B3D800F02132 /* LoanUserInfo.swift */,
				635B5E0920B6B3E800F02132 /* LoanJobInfo.swift */,
				635B5E0B20B6B4F900F02132 /* RelationShipPhone.swift */,
			);
			path = Browwer;
			sourceTree = "<group>";
		};
		6307D3C120AD784300055F5C /* Info */ = {
			isa = PBXGroup;
			children = (
				6307D3C520AD786300055F5C /* BrowwerContacts.swift */,
				6307D3C320AD786300055F5C /* BrowwerInfo.swift */,
				6307D3C620AD786300055F5C /* BrowwerResidence.swift */,
				6307D3C220AD786300055F5C /* BrowwerWallets.swift */,
				6307D3C420AD786300055F5C /* BrowwerWorks.swift */,
			);
			path = Info;
			sourceTree = "<group>";
		};
		6308DF6320A3FE90001DC320 /* Popup */ = {
			isa = PBXGroup;
			children = (
				6308DF6420A3FE90001DC320 /* BasePopup.swift */,
			);
			path = Popup;
			sourceTree = "<group>";
		};
		6308DF6820A4535C001DC320 /* Account */ = {
			isa = PBXGroup;
			children = (
			);
			path = Account;
			sourceTree = "<group>";
		};
		6308DF6A20A45426001DC320 /* Invester */ = {
			isa = PBXGroup;
			children = (
				6308DF6C20A45521001DC320 /* Home */,
			);
			path = Invester;
			sourceTree = "<group>";
		};
		6308DF6B20A45457001DC320 /* Borrower */ = {
			isa = PBXGroup;
			children = (
				6308DF6E20A4553E001DC320 /* Loan */,
				6308DF6D20A45538001DC320 /* Home */,
			);
			path = Borrower;
			sourceTree = "<group>";
		};
		6308DF6C20A45521001DC320 /* Home */ = {
			isa = PBXGroup;
			children = (
				6369BBD520AE91F300E0C435 /* InvestorHomeViewController.swift */,
			);
			path = Home;
			sourceTree = "<group>";
		};
		6308DF6D20A45538001DC320 /* Home */ = {
			isa = PBXGroup;
			children = (
				633AF9C020A992B200BAE2BB /* BorrowHomeViewController.swift */,
				6336D5C320B272AF00A6C38A /* BorrowTabbarViewController.swift */,
			);
			path = Home;
			sourceTree = "<group>";
		};
		6308DF6E20A4553E001DC320 /* Loan */ = {
			isa = PBXGroup;
			children = (
				633AE0AB20B3F3D3007AB0D1 /* Cell */,
				6336D5C720B27B7500A6C38A /* LoanFirstViewController.swift */,
				6336D5C920B2B43700A6C38A /* LoanPersionalInfoVC.swift */,
				6336D5CB20B2B75000A6C38A /* LoanInfoJobVC.swift */,
				633AE0A920B3F315007AB0D1 /* LoanWalletViewController.swift */,
				633AE0AF20B40036007AB0D1 /* LoanNationalIDViewController.swift */,
				633AE0B120B40A36007AB0D1 /* LoanOtherInfoVC.swift */,
				633AE0B320B40AA1007AB0D1 /* LoanSummaryInfoVC.swift */,
			);
			path = Loan;
			sourceTree = "<group>";
		};
		632FD02220AADF1E00D9399C /* Authen */ = {
			isa = PBXGroup;
			children = (
				6307D3BA20AD274700055F5C /* UpdateInfoFacebook.swift */,
				632FD02320AADF3C00D9399C /* VerifyAuthenData.swift */,
				6307D3BE20AD2F0500055F5C /* FacebookInfo.swift */,
			);
			path = Authen;
			sourceTree = "<group>";
		};
		633AE0AB20B3F3D3007AB0D1 /* Cell */ = {
			isa = PBXGroup;
			children = (
				633AE0AC20B3F430007AB0D1 /* LoanWalletTBCell.swift */,
			);
			path = Cell;
			sourceTree = "<group>";
		};
		633AE0AE20B3FED4007AB0D1 /* Wallet */ = {
			isa = PBXGroup;
			children = (
			);
			path = Wallet;
			sourceTree = "<group>";
		};
		633AF9AD20A9881300BAE2BB /* PhoneNumber */ = {
			isa = PBXGroup;
			children = (
				633AF9AE20A988A600BAE2BB /* EnterPhoneNumberAuthenVC.swift */,
			);
			path = PhoneNumber;
			sourceTree = "<group>";
		};
		633AF9B120A988D000BAE2BB /* Verify */ = {
			isa = PBXGroup;
			children = (
				633AF9B220A9894500BAE2BB /* VerifyOTPAuthenVC.swift */,
			);
			path = Verify;
			sourceTree = "<group>";
		};
		633AF9B520A989C700BAE2BB /* Info */ = {
			isa = PBXGroup;
			children = (
				633AF9B620A98A7D00BAE2BB /* SetPassAuthenVC.swift */,
				633AF9B920A98F6000BAE2BB /* ChoiceKindUserVC.swift */,
			);
			path = Info;
			sourceTree = "<group>";
		};
		633AF9BC20A991F600BAE2BB /* Login */ = {
			isa = PBXGroup;
			children = (
				633AF9BD20A9921B00BAE2BB /* LoginViewController.swift */,
			);
			path = Login;
			sourceTree = "<group>";
		};
		637A90B220A2FA5F00CCACA5 /* DatePickerDialog */ = {
			isa = PBXGroup;
			children = (
				637A90B320A2FA5F00CCACA5 /* SRMonthPicker.m */,
				637A90B420A2FA5F00CCACA5 /* SRMonthPicker.h */,
				637A90B520A2FA5F00CCACA5 /* DatePickerDialog.swift */,
			);
			path = DatePickerDialog;
			sourceTree = "<group>";
		};
		639C9DA620A1498A00F2CF5E = {
			isa = PBXGroup;
			children = (
				639C9DB120A1498A00F2CF5E /* FinPlus */,
				639C9DB020A1498A00F2CF5E /* Products */,
				E0F53D8C4D629943DAA7808E /* Pods */,
				DBA3031124DA065BB1A383CD /* Frameworks */,
			);
			sourceTree = "<group>";
		};
		639C9DB020A1498A00F2CF5E /* Products */ = {
			isa = PBXGroup;
			children = (
				639C9DAF20A1498A00F2CF5E /* FinPlus.app */,
			);
			name = Products;
			sourceTree = "<group>";
		};
		639C9DB120A1498A00F2CF5E /* FinPlus */ = {
			isa = PBXGroup;
			children = (
				63C5C8E620AC26DA00F65068 /* FinPlus.entitlements */,
				639C9DCB20A14A7900F2CF5E /* Model */,
				639C9DCA20A14A6D00F2CF5E /* Controllers */,
				639C9DC920A14A6200F2CF5E /* Utitlities */,
				639C9DC820A14A5900F2CF5E /* APIClient */,
				639C9DC720A14A3C00F2CF5E /* View */,
				639C9DB220A1498A00F2CF5E /* AppDelegate.swift */,
				639C9DB620A1498A00F2CF5E /* Main.storyboard */,
				639C9DBC20A1498A00F2CF5E /* Assets.xcassets */,
				639C9DBE20A1498A00F2CF5E /* LaunchScreen.storyboard */,
				639C9DC120A1498A00F2CF5E /* Info.plist */,
				639C9DB920A1498A00F2CF5E /* FinPlus.xcdatamodeld */,
				639C9DE120A15F0200F2CF5E /* FinPlus-Bridging-Header.h */,
			);
			path = FinPlus;
			sourceTree = "<group>";
		};
		639C9DC720A14A3C00F2CF5E /* View */ = {
			isa = PBXGroup;
			children = (
				639C9DDC20A15E3500F2CF5E /* Authen.storyboard */,
				6307D3BC20AD2BF000055F5C /* Home.storyboard */,
				6336D5C520B2750A00A6C38A /* Loan.storyboard */,
				630467B220B5094F0069469A /* Address.storyboard */,
			);
			path = View;
			sourceTree = "<group>";
		};
		639C9DC820A14A5900F2CF5E /* APIClient */ = {
			isa = PBXGroup;
			children = (
				639C9DCC20A14B2300F2CF5E /* Services */,
				639C9DCD20A14B3800F2CF5E /* APIClient.swift */,
				639C9DCF20A14B4600F2CF5E /* EndPoint.swift */,
			);
			path = APIClient;
			sourceTree = "<group>";
		};
		639C9DC920A14A6200F2CF5E /* Utitlities */ = {
			isa = PBXGroup;
			children = (
				639C9E2220A1A4EA00F2CF5E /* Constant */,
				639C9DF920A18A4E00F2CF5E /* Font */,
				639C9DEA20A1827800F2CF5E /* Extension */,
				639C9DD320A14B8300F2CF5E /* Helper */,
				639C9DD220A14B7A00F2CF5E /* DataManager */,
				639C9DD120A14B6F00F2CF5E /* Libs */,
			);
			path = Utitlities;
			sourceTree = "<group>";
		};
		639C9DCA20A14A6D00F2CF5E /* Controllers */ = {
			isa = PBXGroup;
			children = (
				630467B420B50A620069469A /* Address */,
				633AE0AE20B3FED4007AB0D1 /* Wallet */,
				6308DF6B20A45457001DC320 /* Borrower */,
				6308DF6A20A45426001DC320 /* Invester */,
				6308DF6820A4535C001DC320 /* Account */,
				639C9DE220A15F5100F2CF5E /* Base */,
				639C9DDE20A15E4A00F2CF5E /* Authen */,
			);
			path = Controllers;
			sourceTree = "<group>";
		};
		639C9DCB20A14A7900F2CF5E /* Model */ = {
			isa = PBXGroup;
			children = (
				630467C520B56DAC0069469A /* Address */,
				630467C320B54BAC0069469A /* Model1.swift */,
				630467C020B5474F0069469A /* Config */,
				6307D3C020AD783500055F5C /* Browwer */,
				632FD02220AADF1E00D9399C /* Authen */,
				632FD02020AAC3CC00D9399C /* APIResponseGeneral.swift */,
			);
			path = Model;
			sourceTree = "<group>";
		};
		639C9DCC20A14B2300F2CF5E /* Services */ = {
			isa = PBXGroup;
			children = (
				637A90AF20A2E52700CCACA5 /* APIClient+Authen.swift */,
				6307D3CC20AD817300055F5C /* APIClient+User.swift */,
				6369BBD320AE8AD400E0C435 /* APIClient+Loan.swift */,
				630467BC20B524610069469A /* APIClient+Config.swift */,
				630467BE20B526CE0069469A /* APIClient+Wallet.swift */,
			);
			path = Services;
			sourceTree = "<group>";
		};
		639C9DD120A14B6F00F2CF5E /* Libs */ = {
			isa = PBXGroup;
			children = (
				6308DF6320A3FE90001DC320 /* Popup */,
				637A90B220A2FA5F00CCACA5 /* DatePickerDialog */,
				639C9DEF20A189E600F2CF5E /* Toast */,
				639C9DE520A1633B00F2CF5E /* Keychain */,
			);
			path = Libs;
			sourceTree = "<group>";
		};
		639C9DD220A14B7A00F2CF5E /* DataManager */ = {
			isa = PBXGroup;
			children = (
				639C9DD420A14B9D00F2CF5E /* DataManager.swift */,
			);
			path = DataManager;
			sourceTree = "<group>";
		};
		639C9DD320A14B8300F2CF5E /* Helper */ = {
			isa = PBXGroup;
			children = (
				633AE0B720B42BAA007AB0D1 /* DateHelper.swift */,
				639C9DD820A14BD200F2CF5E /* FinPlusHelper.swift */,
				63C5C8E420AC183D00F65068 /* FacebookSignInManager.swift */,
			);
			path = Helper;
			sourceTree = "<group>";
		};
		639C9DDE20A15E4A00F2CF5E /* Authen */ = {
			isa = PBXGroup;
			children = (
				633AF9BC20A991F600BAE2BB /* Login */,
				633AF9B520A989C700BAE2BB /* Info */,
				633AF9B120A988D000BAE2BB /* Verify */,
				633AF9AD20A9881300BAE2BB /* PhoneNumber */,
			);
			path = Authen;
			sourceTree = "<group>";
		};
		639C9DE220A15F5100F2CF5E /* Base */ = {
			isa = PBXGroup;
			children = (
				639C9DE320A15F6100F2CF5E /* BaseViewController.swift */,
			);
			path = Base;
			sourceTree = "<group>";
		};
		639C9DE520A1633B00F2CF5E /* Keychain */ = {
			isa = PBXGroup;
			children = (
				639C9DE720A164E600F2CF5E /* KeychainConfiguration.swift */,
				639C9DE620A164E600F2CF5E /* KeychainPasswordItem.swift */,
			);
			path = Keychain;
			sourceTree = "<group>";
		};
		639C9DEA20A1827800F2CF5E /* Extension */ = {
			isa = PBXGroup;
			children = (
				639C9DEB20A1829300F2CF5E /* ExUIApplication.swift */,
				639C9DED20A182E900F2CF5E /* ExUIViewController.swift */,
				632FD02520AAE15800D9399C /* ExString.swift */,
			);
			path = Extension;
			sourceTree = "<group>";
		};
		639C9DEF20A189E600F2CF5E /* Toast */ = {
			isa = PBXGroup;
			children = (
				639C9DF020A189E600F2CF5E /* ToastWindow.swift */,
				639C9DF120A189E600F2CF5E /* ToastView.swift */,
				639C9DF220A189E600F2CF5E /* Toaster.h */,
				639C9DF320A189E600F2CF5E /* Toast.swift */,
				639C9DF420A189E600F2CF5E /* ToastCenter.swift */,
			);
			path = Toast;
			sourceTree = "<group>";
		};
		639C9DF920A18A4E00F2CF5E /* Font */ = {
			isa = PBXGroup;
			children = (
				639C9E0720A18A7500F2CF5E /* Oswald */,
				639C9DFA20A18A7500F2CF5E /* Roboto */,
			);
			path = Font;
			sourceTree = "<group>";
		};
		639C9DFA20A18A7500F2CF5E /* Roboto */ = {
			isa = PBXGroup;
			children = (
				639C9DFB20A18A7500F2CF5E /* Roboto-Medium.ttf */,
				639C9DFC20A18A7500F2CF5E /* Roboto-Light.ttf */,
				639C9DFD20A18A7500F2CF5E /* Roboto-Regular.ttf */,
				639C9DFE20A18A7500F2CF5E /* Roboto-MediumItalic.ttf */,
				639C9DFF20A18A7500F2CF5E /* Roboto-ThinItalic.ttf */,
				639C9E0020A18A7500F2CF5E /* Roboto-BoldItalic.ttf */,
				639C9E0120A18A7500F2CF5E /* Roboto-LightItalic.ttf */,
				639C9E0220A18A7500F2CF5E /* Roboto-Italic.ttf */,
				639C9E0320A18A7500F2CF5E /* Roboto-BlackItalic.ttf */,
				639C9E0420A18A7500F2CF5E /* Roboto-Bold.ttf */,
				639C9E0520A18A7500F2CF5E /* Roboto-Thin.ttf */,
				639C9E0620A18A7500F2CF5E /* Roboto-Black.ttf */,
			);
			path = Roboto;
			sourceTree = "<group>";
		};
		639C9E0720A18A7500F2CF5E /* Oswald */ = {
			isa = PBXGroup;
			children = (
				639C9E0820A18A7500F2CF5E /* Oswald-Bold.ttf */,
				639C9E0920A18A7500F2CF5E /* Oswald-SemiBold.ttf */,
				639C9E0A20A18A7500F2CF5E /* Oswald-Medium.ttf */,
				639C9E0B20A18A7500F2CF5E /* Oswald-Regular.ttf */,
				639C9E0C20A18A7500F2CF5E /* OFL.txt */,
				639C9E0D20A18A7500F2CF5E /* Oswald-ExtraLight.ttf */,
				639C9E0E20A18A7500F2CF5E /* Oswald-Light.ttf */,
			);
			path = Oswald;
			sourceTree = "<group>";
		};
		639C9E2220A1A4EA00F2CF5E /* Constant */ = {
			isa = PBXGroup;
			children = (
				639C9E2320A1A4FF00F2CF5E /* Constant.swift */,
				633AE0B520B428C6007AB0D1 /* Constant+DateFormat.swift */,
			);
			path = Constant;
			sourceTree = "<group>";
		};
		DBA3031124DA065BB1A383CD /* Frameworks */ = {
			isa = PBXGroup;
			children = (
				633AF97220A96F1B00BAE2BB /* Pods_FinPlus.framework */,
				D7BD802BCBB7AF131EA69949 /* Pods_FinPlus.framework */,
			);
			name = Frameworks;
			sourceTree = "<group>";
		};
		E0F53D8C4D629943DAA7808E /* Pods */ = {
			isa = PBXGroup;
			children = (
				99AC1CB2D251026CD34AB910 /* Pods-FinPlus.debug.xcconfig */,
				AF35B598B6B30D66806A3592 /* Pods-FinPlus.release.xcconfig */,
			);
			name = Pods;
			sourceTree = "<group>";
		};
/* End PBXGroup section */

/* Begin PBXNativeTarget section */
		639C9DAE20A1498A00F2CF5E /* FinPlus */ = {
			isa = PBXNativeTarget;
			buildConfigurationList = 639C9DC420A1498A00F2CF5E /* Build configuration list for PBXNativeTarget "FinPlus" */;
			buildPhases = (
				DBCF68CB34CC6C31FDBD10D8 /* [CP] Check Pods Manifest.lock */,
				639C9DAB20A1498A00F2CF5E /* Sources */,
				639C9DAC20A1498A00F2CF5E /* Frameworks */,
				639C9DAD20A1498A00F2CF5E /* Resources */,
				314ECCE0E603E3A1B80EA8A2 /* [CP] Embed Pods Frameworks */,
				ED3873EB631DF349DE53761A /* [CP] Copy Pods Resources */,
			);
			buildRules = (
			);
			dependencies = (
			);
			name = FinPlus;
			productName = FinPlus;
			productReference = 639C9DAF20A1498A00F2CF5E /* FinPlus.app */;
			productType = "com.apple.product-type.application";
		};
/* End PBXNativeTarget section */

/* Begin PBXProject section */
		639C9DA720A1498A00F2CF5E /* Project object */ = {
			isa = PBXProject;
			attributes = {
				LastSwiftUpdateCheck = 0900;
				LastUpgradeCheck = 0900;
				ORGANIZATIONNAME = "Cao Van Hai";
				TargetAttributes = {
					639C9DAE20A1498A00F2CF5E = {
						CreatedOnToolsVersion = 9.0;
						ProvisioningStyle = Automatic;
						SystemCapabilities = {
							com.apple.Keychain = {
								enabled = 1;
							};
						};
					};
				};
			};
			buildConfigurationList = 639C9DAA20A1498A00F2CF5E /* Build configuration list for PBXProject "FinPlus" */;
			compatibilityVersion = "Xcode 8.0";
			developmentRegion = en;
			hasScannedForEncodings = 0;
			knownRegions = (
				en,
				Base,
			);
			mainGroup = 639C9DA620A1498A00F2CF5E;
			productRefGroup = 639C9DB020A1498A00F2CF5E /* Products */;
			projectDirPath = "";
			projectRoot = "";
			targets = (
				639C9DAE20A1498A00F2CF5E /* FinPlus */,
			);
		};
/* End PBXProject section */

/* Begin PBXResourcesBuildPhase section */
		639C9DAD20A1498A00F2CF5E /* Resources */ = {
			isa = PBXResourcesBuildPhase;
			buildActionMask = 2147483647;
			files = (
				639C9E1F20A18A7500F2CF5E /* OFL.txt in Resources */,
				639C9E1B20A18A7500F2CF5E /* Oswald-Bold.ttf in Resources */,
				639C9E1820A18A7500F2CF5E /* Roboto-Bold.ttf in Resources */,
				639C9E2120A18A7500F2CF5E /* Oswald-Light.ttf in Resources */,
				639C9E0F20A18A7500F2CF5E /* Roboto-Medium.ttf in Resources */,
				639C9E1620A18A7500F2CF5E /* Roboto-Italic.ttf in Resources */,
				639C9E1520A18A7500F2CF5E /* Roboto-LightItalic.ttf in Resources */,
				630467B320B5094F0069469A /* Address.storyboard in Resources */,
				639C9E1120A18A7500F2CF5E /* Roboto-Regular.ttf in Resources */,
				639C9DC020A1498A00F2CF5E /* LaunchScreen.storyboard in Resources */,
				639C9E1020A18A7500F2CF5E /* Roboto-Light.ttf in Resources */,
				639C9E1720A18A7500F2CF5E /* Roboto-BlackItalic.ttf in Resources */,
				639C9E1920A18A7500F2CF5E /* Roboto-Thin.ttf in Resources */,
				639C9E1220A18A7500F2CF5E /* Roboto-MediumItalic.ttf in Resources */,
				639C9DBD20A1498A00F2CF5E /* Assets.xcassets in Resources */,
				639C9E1D20A18A7500F2CF5E /* Oswald-Medium.ttf in Resources */,
				6307D3BD20AD2BF000055F5C /* Home.storyboard in Resources */,
				639C9E1A20A18A7500F2CF5E /* Roboto-Black.ttf in Resources */,
				639C9E1C20A18A7500F2CF5E /* Oswald-SemiBold.ttf in Resources */,
				6336D5C620B2750A00A6C38A /* Loan.storyboard in Resources */,
				639C9E2020A18A7500F2CF5E /* Oswald-ExtraLight.ttf in Resources */,
				639C9E1E20A18A7500F2CF5E /* Oswald-Regular.ttf in Resources */,
				639C9E1320A18A7500F2CF5E /* Roboto-ThinItalic.ttf in Resources */,
				639C9DDD20A15E3500F2CF5E /* Authen.storyboard in Resources */,
				639C9E1420A18A7500F2CF5E /* Roboto-BoldItalic.ttf in Resources */,
				639C9DB820A1498A00F2CF5E /* Main.storyboard in Resources */,
			);
			runOnlyForDeploymentPostprocessing = 0;
		};
/* End PBXResourcesBuildPhase section */

/* Begin PBXShellScriptBuildPhase section */
		314ECCE0E603E3A1B80EA8A2 /* [CP] Embed Pods Frameworks */ = {
			isa = PBXShellScriptBuildPhase;
			buildActionMask = 2147483647;
			files = (
			);
			inputPaths = (
				"${SRCROOT}/Pods/Target Support Files/Pods-FinPlus/Pods-FinPlus-frameworks.sh",
				"${BUILT_PRODUCTS_DIR}/Alamofire/Alamofire.framework",
				"${BUILT_PRODUCTS_DIR}/Bolts/Bolts.framework",
				"${BUILT_PRODUCTS_DIR}/Bugsnag/Bugsnag.framework",
				"${BUILT_PRODUCTS_DIR}/DropDown/DropDown.framework",
				"${BUILT_PRODUCTS_DIR}/FBSDKCoreKit/FBSDKCoreKit.framework",
				"${BUILT_PRODUCTS_DIR}/FBSDKLoginKit/FBSDKLoginKit.framework",
				"${BUILT_PRODUCTS_DIR}/Fusuma/Fusuma.framework",
				"${BUILT_PRODUCTS_DIR}/IBAnimatable/IBAnimatable.framework",
				"${BUILT_PRODUCTS_DIR}/JSONWebToken/JWT.framework",
				"${BUILT_PRODUCTS_DIR}/Kingfisher/Kingfisher.framework",
				"${BUILT_PRODUCTS_DIR}/NVActivityIndicatorView/NVActivityIndicatorView.framework",
				"${BUILT_PRODUCTS_DIR}/PromiseKit/PromiseKit.framework",
				"${BUILT_PRODUCTS_DIR}/Realm/Realm.framework",
				"${BUILT_PRODUCTS_DIR}/RealmSwift/RealmSwift.framework",
				"${BUILT_PRODUCTS_DIR}/SwiftyJSON/SwiftyJSON.framework",
				"${BUILT_PRODUCTS_DIR}/TPKeyboardAvoiding/TPKeyboardAvoiding.framework",
				"${BUILT_PRODUCTS_DIR}/Toast-Swift/Toast_Swift.framework",
			);
			name = "[CP] Embed Pods Frameworks";
			outputPaths = (
				"${TARGET_BUILD_DIR}/${FRAMEWORKS_FOLDER_PATH}/Alamofire.framework",
				"${TARGET_BUILD_DIR}/${FRAMEWORKS_FOLDER_PATH}/Bolts.framework",
				"${TARGET_BUILD_DIR}/${FRAMEWORKS_FOLDER_PATH}/Bugsnag.framework",
				"${TARGET_BUILD_DIR}/${FRAMEWORKS_FOLDER_PATH}/DropDown.framework",
				"${TARGET_BUILD_DIR}/${FRAMEWORKS_FOLDER_PATH}/FBSDKCoreKit.framework",
				"${TARGET_BUILD_DIR}/${FRAMEWORKS_FOLDER_PATH}/FBSDKLoginKit.framework",
				"${TARGET_BUILD_DIR}/${FRAMEWORKS_FOLDER_PATH}/Fusuma.framework",
				"${TARGET_BUILD_DIR}/${FRAMEWORKS_FOLDER_PATH}/IBAnimatable.framework",
				"${TARGET_BUILD_DIR}/${FRAMEWORKS_FOLDER_PATH}/JWT.framework",
				"${TARGET_BUILD_DIR}/${FRAMEWORKS_FOLDER_PATH}/Kingfisher.framework",
				"${TARGET_BUILD_DIR}/${FRAMEWORKS_FOLDER_PATH}/NVActivityIndicatorView.framework",
				"${TARGET_BUILD_DIR}/${FRAMEWORKS_FOLDER_PATH}/PromiseKit.framework",
				"${TARGET_BUILD_DIR}/${FRAMEWORKS_FOLDER_PATH}/Realm.framework",
				"${TARGET_BUILD_DIR}/${FRAMEWORKS_FOLDER_PATH}/RealmSwift.framework",
				"${TARGET_BUILD_DIR}/${FRAMEWORKS_FOLDER_PATH}/SwiftyJSON.framework",
				"${TARGET_BUILD_DIR}/${FRAMEWORKS_FOLDER_PATH}/TPKeyboardAvoiding.framework",
				"${TARGET_BUILD_DIR}/${FRAMEWORKS_FOLDER_PATH}/Toast_Swift.framework",
			);
			runOnlyForDeploymentPostprocessing = 0;
			shellPath = /bin/sh;
			shellScript = "\"${SRCROOT}/Pods/Target Support Files/Pods-FinPlus/Pods-FinPlus-frameworks.sh\"\n";
			showEnvVarsInLog = 0;
		};
		DBCF68CB34CC6C31FDBD10D8 /* [CP] Check Pods Manifest.lock */ = {
			isa = PBXShellScriptBuildPhase;
			buildActionMask = 2147483647;
			files = (
			);
			inputPaths = (
				"${PODS_PODFILE_DIR_PATH}/Podfile.lock",
				"${PODS_ROOT}/Manifest.lock",
			);
			name = "[CP] Check Pods Manifest.lock";
			outputPaths = (
				"$(DERIVED_FILE_DIR)/Pods-FinPlus-checkManifestLockResult.txt",
			);
			runOnlyForDeploymentPostprocessing = 0;
			shellPath = /bin/sh;
			shellScript = "diff \"${PODS_PODFILE_DIR_PATH}/Podfile.lock\" \"${PODS_ROOT}/Manifest.lock\" > /dev/null\nif [ $? != 0 ] ; then\n    # print error to STDERR\n    echo \"error: The sandbox is not in sync with the Podfile.lock. Run 'pod install' or update your CocoaPods installation.\" >&2\n    exit 1\nfi\n# This output is used by Xcode 'outputs' to avoid re-running this script phase.\necho \"SUCCESS\" > \"${SCRIPT_OUTPUT_FILE_0}\"\n";
			showEnvVarsInLog = 0;
		};
		ED3873EB631DF349DE53761A /* [CP] Copy Pods Resources */ = {
			isa = PBXShellScriptBuildPhase;
			buildActionMask = 2147483647;
			files = (
			);
			inputPaths = (
			);
			name = "[CP] Copy Pods Resources";
			outputPaths = (
			);
			runOnlyForDeploymentPostprocessing = 0;
			shellPath = /bin/sh;
			shellScript = "\"${SRCROOT}/Pods/Target Support Files/Pods-FinPlus/Pods-FinPlus-resources.sh\"\n";
			showEnvVarsInLog = 0;
		};
/* End PBXShellScriptBuildPhase section */

/* Begin PBXSourcesBuildPhase section */
		639C9DAB20A1498A00F2CF5E /* Sources */ = {
			isa = PBXSourcesBuildPhase;
			buildActionMask = 2147483647;
			files = (
				639C9DEC20A1829300F2CF5E /* ExUIApplication.swift in Sources */,
				632FD02420AADF3C00D9399C /* VerifyAuthenData.swift in Sources */,
				639C9E2420A1A4FF00F2CF5E /* Constant.swift in Sources */,
				6307D3CA20AD786300055F5C /* BrowwerContacts.swift in Sources */,
				635B5E0C20B6B4F900F02132 /* RelationShipPhone.swift in Sources */,
				6336D5CA20B2B43700A6C38A /* LoanPersionalInfoVC.swift in Sources */,
				637A90B620A2FA5F00CCACA5 /* SRMonthPicker.m in Sources */,
				6307D3CB20AD786300055F5C /* BrowwerResidence.swift in Sources */,
				639C9DD520A14B9D00F2CF5E /* DataManager.swift in Sources */,
				6307D3C720AD786300055F5C /* BrowwerWallets.swift in Sources */,
				633AE0B820B42BAB007AB0D1 /* DateHelper.swift in Sources */,
				633AF9C120A992B200BAE2BB /* BorrowHomeViewController.swift in Sources */,
				639C9DF520A189E600F2CF5E /* ToastWindow.swift in Sources */,
				639C9DBB20A1498A00F2CF5E /* FinPlus.xcdatamodeld in Sources */,
				630467C220B547500069469A /* Version.swift in Sources */,
				639C9DD020A14B4600F2CF5E /* EndPoint.swift in Sources */,
				633AF9B320A9894500BAE2BB /* VerifyOTPAuthenVC.swift in Sources */,
				6336D5C420B272AF00A6C38A /* BorrowTabbarViewController.swift in Sources */,
				635B5E0A20B6B3E800F02132 /* LoanJobInfo.swift in Sources */,
				633AF9B720A98A7D00BAE2BB /* SetPassAuthenVC.swift in Sources */,
				6336D5CC20B2B75000A6C38A /* LoanInfoJobVC.swift in Sources */,
				6369BBD420AE8AD400E0C435 /* APIClient+Loan.swift in Sources */,
				6308DF6520A3FE90001DC320 /* BasePopup.swift in Sources */,
				639C9DEE20A182E900F2CF5E /* ExUIViewController.swift in Sources */,
				637A90B820A2FA5F00CCACA5 /* DatePickerDialog.swift in Sources */,
				6369BBD620AE91F300E0C435 /* InvestorHomeViewController.swift in Sources */,
				6307D3BB20AD274700055F5C /* UpdateInfoFacebook.swift in Sources */,
				639C9DF720A189E600F2CF5E /* Toast.swift in Sources */,
				630467B920B50BDD0069469A /* AddressFirstTBCell.swift in Sources */,
				633AF9BE20A9921B00BAE2BB /* LoginViewController.swift in Sources */,
				639C9DF820A189E600F2CF5E /* ToastCenter.swift in Sources */,
				639C9DE920A164E600F2CF5E /* KeychainConfiguration.swift in Sources */,
				6307D3C920AD786300055F5C /* BrowwerWorks.swift in Sources */,
				6307D3BF20AD2F0500055F5C /* FacebookInfo.swift in Sources */,
				630467BB20B513FC0069469A /* AddressTBViewController.swift in Sources */,
				639C9DF620A189E600F2CF5E /* ToastView.swift in Sources */,
				637A90B020A2E52700CCACA5 /* APIClient+Authen.swift in Sources */,
				633AE0AA20B3F315007AB0D1 /* LoanWalletViewController.swift in Sources */,
				633AF9BA20A98F6000BAE2BB /* ChoiceKindUserVC.swift in Sources */,
				635B5E0820B6B3D800F02132 /* LoanUserInfo.swift in Sources */,
				633AE0B220B40A36007AB0D1 /* LoanOtherInfoVC.swift in Sources */,
				633AE0B020B40036007AB0D1 /* LoanNationalIDViewController.swift in Sources */,
				63C5C8E520AC183D00F65068 /* FacebookSignInManager.swift in Sources */,
				639C9DB320A1498A00F2CF5E /* AppDelegate.swift in Sources */,
				630467C420B54BAC0069469A /* Model1.swift in Sources */,
				630467BD20B524610069469A /* APIClient+Config.swift in Sources */,
				633AE0B420B40AA1007AB0D1 /* LoanSummaryInfoVC.swift in Sources */,
				6307D3C820AD786300055F5C /* BrowwerInfo.swift in Sources */,
				633AE0AD20B3F430007AB0D1 /* LoanWalletTBCell.swift in Sources */,
				6307D3CD20AD817300055F5C /* APIClient+User.swift in Sources */,
				639C9DE820A164E600F2CF5E /* KeychainPasswordItem.swift in Sources */,
				630467BF20B526CE0069469A /* APIClient+Wallet.swift in Sources */,
				632FD02120AAC3CC00D9399C /* APIResponseGeneral.swift in Sources */,
				630467B620B50B5C0069469A /* AddressFirstViewController.swift in Sources */,
				635B5E0620B6B3A500F02132 /* LoanInfo.swift in Sources */,
				633AF9AF20A988A600BAE2BB /* EnterPhoneNumberAuthenVC.swift in Sources */,
				6336D5C820B27B7500A6C38A /* LoanFirstViewController.swift in Sources */,
				639C9DE420A15F6100F2CF5E /* BaseViewController.swift in Sources */,
				630467C720B56DD40069469A /* Address.swift in Sources */,
				633AE0B620B428C6007AB0D1 /* Constant+DateFormat.swift in Sources */,
				639C9DCE20A14B3800F2CF5E /* APIClient.swift in Sources */,
				639C9DD920A14BD200F2CF5E /* FinPlusHelper.swift in Sources */,
				632FD02620AAE15800D9399C /* ExString.swift in Sources */,
			);
			runOnlyForDeploymentPostprocessing = 0;
		};
/* End PBXSourcesBuildPhase section */

/* Begin PBXVariantGroup section */
		639C9DB620A1498A00F2CF5E /* Main.storyboard */ = {
			isa = PBXVariantGroup;
			children = (
				639C9DB720A1498A00F2CF5E /* Base */,
			);
			name = Main.storyboard;
			sourceTree = "<group>";
		};
		639C9DBE20A1498A00F2CF5E /* LaunchScreen.storyboard */ = {
			isa = PBXVariantGroup;
			children = (
				639C9DBF20A1498A00F2CF5E /* Base */,
			);
			name = LaunchScreen.storyboard;
			sourceTree = "<group>";
		};
/* End PBXVariantGroup section */

/* Begin XCBuildConfiguration section */
		639C9DC220A1498A00F2CF5E /* Debug */ = {
			isa = XCBuildConfiguration;
			buildSettings = {
				ALWAYS_SEARCH_USER_PATHS = NO;
				CLANG_ANALYZER_NONNULL = YES;
				CLANG_ANALYZER_NUMBER_OBJECT_CONVERSION = YES_AGGRESSIVE;
				CLANG_CXX_LANGUAGE_STANDARD = "gnu++14";
				CLANG_CXX_LIBRARY = "libc++";
				CLANG_ENABLE_MODULES = YES;
				CLANG_ENABLE_OBJC_ARC = YES;
				CLANG_WARN_BLOCK_CAPTURE_AUTORELEASING = YES;
				CLANG_WARN_BOOL_CONVERSION = YES;
				CLANG_WARN_COMMA = YES;
				CLANG_WARN_CONSTANT_CONVERSION = YES;
				CLANG_WARN_DIRECT_OBJC_ISA_USAGE = YES_ERROR;
				CLANG_WARN_DOCUMENTATION_COMMENTS = YES;
				CLANG_WARN_EMPTY_BODY = YES;
				CLANG_WARN_ENUM_CONVERSION = YES;
				CLANG_WARN_INFINITE_RECURSION = YES;
				CLANG_WARN_INT_CONVERSION = YES;
				CLANG_WARN_NON_LITERAL_NULL_CONVERSION = YES;
				CLANG_WARN_OBJC_LITERAL_CONVERSION = YES;
				CLANG_WARN_OBJC_ROOT_CLASS = YES_ERROR;
				CLANG_WARN_RANGE_LOOP_ANALYSIS = YES;
				CLANG_WARN_STRICT_PROTOTYPES = YES;
				CLANG_WARN_SUSPICIOUS_MOVE = YES;
				CLANG_WARN_UNGUARDED_AVAILABILITY = YES_AGGRESSIVE;
				CLANG_WARN_UNREACHABLE_CODE = YES;
				CLANG_WARN__DUPLICATE_METHOD_MATCH = YES;
				CODE_SIGN_IDENTITY = "iPhone Developer";
				COPY_PHASE_STRIP = NO;
				DEBUG_INFORMATION_FORMAT = dwarf;
				ENABLE_STRICT_OBJC_MSGSEND = YES;
				ENABLE_TESTABILITY = YES;
				GCC_C_LANGUAGE_STANDARD = gnu11;
				GCC_DYNAMIC_NO_PIC = NO;
				GCC_NO_COMMON_BLOCKS = YES;
				GCC_OPTIMIZATION_LEVEL = 0;
				GCC_PREPROCESSOR_DEFINITIONS = (
					"DEBUG=1",
					"$(inherited)",
				);
				GCC_WARN_64_TO_32_BIT_CONVERSION = YES;
				GCC_WARN_ABOUT_RETURN_TYPE = YES_ERROR;
				GCC_WARN_UNDECLARED_SELECTOR = YES;
				GCC_WARN_UNINITIALIZED_AUTOS = YES_AGGRESSIVE;
				GCC_WARN_UNUSED_FUNCTION = YES;
				GCC_WARN_UNUSED_VARIABLE = YES;
				IPHONEOS_DEPLOYMENT_TARGET = 11.0;
				MTL_ENABLE_DEBUG_INFO = YES;
				ONLY_ACTIVE_ARCH = YES;
				SDKROOT = iphoneos;
				SWIFT_ACTIVE_COMPILATION_CONDITIONS = DEBUG;
				SWIFT_OPTIMIZATION_LEVEL = "-Onone";
			};
			name = Debug;
		};
		639C9DC320A1498A00F2CF5E /* Release */ = {
			isa = XCBuildConfiguration;
			buildSettings = {
				ALWAYS_SEARCH_USER_PATHS = NO;
				CLANG_ANALYZER_NONNULL = YES;
				CLANG_ANALYZER_NUMBER_OBJECT_CONVERSION = YES_AGGRESSIVE;
				CLANG_CXX_LANGUAGE_STANDARD = "gnu++14";
				CLANG_CXX_LIBRARY = "libc++";
				CLANG_ENABLE_MODULES = YES;
				CLANG_ENABLE_OBJC_ARC = YES;
				CLANG_WARN_BLOCK_CAPTURE_AUTORELEASING = YES;
				CLANG_WARN_BOOL_CONVERSION = YES;
				CLANG_WARN_COMMA = YES;
				CLANG_WARN_CONSTANT_CONVERSION = YES;
				CLANG_WARN_DIRECT_OBJC_ISA_USAGE = YES_ERROR;
				CLANG_WARN_DOCUMENTATION_COMMENTS = YES;
				CLANG_WARN_EMPTY_BODY = YES;
				CLANG_WARN_ENUM_CONVERSION = YES;
				CLANG_WARN_INFINITE_RECURSION = YES;
				CLANG_WARN_INT_CONVERSION = YES;
				CLANG_WARN_NON_LITERAL_NULL_CONVERSION = YES;
				CLANG_WARN_OBJC_LITERAL_CONVERSION = YES;
				CLANG_WARN_OBJC_ROOT_CLASS = YES_ERROR;
				CLANG_WARN_RANGE_LOOP_ANALYSIS = YES;
				CLANG_WARN_STRICT_PROTOTYPES = YES;
				CLANG_WARN_SUSPICIOUS_MOVE = YES;
				CLANG_WARN_UNGUARDED_AVAILABILITY = YES_AGGRESSIVE;
				CLANG_WARN_UNREACHABLE_CODE = YES;
				CLANG_WARN__DUPLICATE_METHOD_MATCH = YES;
				CODE_SIGN_IDENTITY = "iPhone Developer";
				COPY_PHASE_STRIP = NO;
				DEBUG_INFORMATION_FORMAT = "dwarf-with-dsym";
				ENABLE_NS_ASSERTIONS = NO;
				ENABLE_STRICT_OBJC_MSGSEND = YES;
				GCC_C_LANGUAGE_STANDARD = gnu11;
				GCC_NO_COMMON_BLOCKS = YES;
				GCC_WARN_64_TO_32_BIT_CONVERSION = YES;
				GCC_WARN_ABOUT_RETURN_TYPE = YES_ERROR;
				GCC_WARN_UNDECLARED_SELECTOR = YES;
				GCC_WARN_UNINITIALIZED_AUTOS = YES_AGGRESSIVE;
				GCC_WARN_UNUSED_FUNCTION = YES;
				GCC_WARN_UNUSED_VARIABLE = YES;
				IPHONEOS_DEPLOYMENT_TARGET = 11.0;
				MTL_ENABLE_DEBUG_INFO = NO;
				SDKROOT = iphoneos;
				SWIFT_OPTIMIZATION_LEVEL = "-Owholemodule";
				VALIDATE_PRODUCT = YES;
			};
			name = Release;
		};
		639C9DC520A1498A00F2CF5E /* Debug */ = {
			isa = XCBuildConfiguration;
			baseConfigurationReference = 99AC1CB2D251026CD34AB910 /* Pods-FinPlus.debug.xcconfig */;
			buildSettings = {
				ASSETCATALOG_COMPILER_APPICON_NAME = AppIcon;
				CODE_SIGN_ENTITLEMENTS = FinPlus/FinPlus.entitlements;
				CODE_SIGN_STYLE = Automatic;
				DEVELOPMENT_TEAM = M8JT48X2F3;
				INFOPLIST_FILE = FinPlus/Info.plist;
				IPHONEOS_DEPLOYMENT_TARGET = 9.0;
				LD_RUNPATH_SEARCH_PATHS = "$(inherited) @executable_path/Frameworks";
				PRODUCT_BUNDLE_IDENTIFIER = com.Five9.FinPlus;
				PRODUCT_NAME = "$(TARGET_NAME)";
				SWIFT_OBJC_BRIDGING_HEADER = "/Users/caovanhai/Documents/Five9 VietNam/P2P Project/SourceCode/FinPlus/FinPlus/FinPlus-Bridging-Header.h";
				SWIFT_VERSION = 4.0;
				TARGETED_DEVICE_FAMILY = "1,2";
			};
			name = Debug;
		};
		639C9DC620A1498A00F2CF5E /* Release */ = {
			isa = XCBuildConfiguration;
			baseConfigurationReference = AF35B598B6B30D66806A3592 /* Pods-FinPlus.release.xcconfig */;
			buildSettings = {
				ASSETCATALOG_COMPILER_APPICON_NAME = AppIcon;
				CODE_SIGN_ENTITLEMENTS = FinPlus/FinPlus.entitlements;
				CODE_SIGN_STYLE = Automatic;
				DEVELOPMENT_TEAM = M8JT48X2F3;
				INFOPLIST_FILE = FinPlus/Info.plist;
				IPHONEOS_DEPLOYMENT_TARGET = 9.0;
				LD_RUNPATH_SEARCH_PATHS = "$(inherited) @executable_path/Frameworks";
				PRODUCT_BUNDLE_IDENTIFIER = com.Five9.FinPlus;
				PRODUCT_NAME = "$(TARGET_NAME)";
				SWIFT_OBJC_BRIDGING_HEADER = "/Users/caovanhai/Documents/Five9 VietNam/P2P Project/SourceCode/FinPlus/FinPlus/FinPlus-Bridging-Header.h";
				SWIFT_VERSION = 4.0;
				TARGETED_DEVICE_FAMILY = "1,2";
			};
			name = Release;
		};
/* End XCBuildConfiguration section */

/* Begin XCConfigurationList section */
		639C9DAA20A1498A00F2CF5E /* Build configuration list for PBXProject "FinPlus" */ = {
			isa = XCConfigurationList;
			buildConfigurations = (
				639C9DC220A1498A00F2CF5E /* Debug */,
				639C9DC320A1498A00F2CF5E /* Release */,
			);
			defaultConfigurationIsVisible = 0;
			defaultConfigurationName = Release;
		};
		639C9DC420A1498A00F2CF5E /* Build configuration list for PBXNativeTarget "FinPlus" */ = {
			isa = XCConfigurationList;
			buildConfigurations = (
				639C9DC520A1498A00F2CF5E /* Debug */,
				639C9DC620A1498A00F2CF5E /* Release */,
			);
			defaultConfigurationIsVisible = 0;
			defaultConfigurationName = Release;
		};
/* End XCConfigurationList section */

/* Begin XCVersionGroup section */
		639C9DB920A1498A00F2CF5E /* FinPlus.xcdatamodeld */ = {
			isa = XCVersionGroup;
			children = (
				639C9DBA20A1498A00F2CF5E /* FinPlus.xcdatamodel */,
			);
			currentVersion = 639C9DBA20A1498A00F2CF5E /* FinPlus.xcdatamodel */;
			path = FinPlus.xcdatamodeld;
			sourceTree = "<group>";
			versionGroupType = wrapper.xcdatamodel;
		};
/* End XCVersionGroup section */
	};
	rootObject = 639C9DA720A1498A00F2CF5E /* Project object */;
}
